
Microsoft Visual Studio Solution File, Format Version 12.00
# Visual Studio 15
VisualStudioVersion = 15.0.28307.106
MinimumVisualStudioVersion = 10.0.40219.1
Project("{8BC9CEB8-8B4A-11D0-8D11-00A0C91BC942}") = "C++05.03", "C++05.03\C++05.03.vcxproj", "{FBA3AA63-94E5-46CA-80BC-E69B7B07D351}"
EndProject
Global
	GlobalSection(SolutionConfigurationPlatforms) = preSolution
		Debug|x64 = Debug|x64
		Debug|x86 = Debug|x86
		Release|x64 = Release|x64
		Release|x86 = Release|x86
	EndGlobalSection
	GlobalSection(ProjectConfigurationPlatforms) = postSolution
		{FBA3AA63-94E5-46CA-80BC-E69B7B07D351}.Debug|x64.ActiveCfg = Debug|x64
		{FBA3AA63-94E5-46CA-80BC-E69B7B07D351}.Debug|x64.Build.0 = Debug|x64
		{FBA3AA63-94E5-46CA-80BC-E69B7B07D351}.Debug|x86.ActiveCfg = Debug|Win32
		{FBA3AA63-94E5-46CA-80BC-E69B7B07D351}.Debug|x86.Build.0 = Debug|Win32
		{FBA3AA63-94E5-46CA-80BC-E69B7B07D351}.Release|x64.ActiveCfg = Release|x64
		{FBA3AA63-94E5-46CA-80BC-E69B7B07D351}.Release|x64.Build.0 = Release|x64
		{FBA3AA63-94E5-46CA-80BC-E69B7B07D351}.Release|x86.ActiveCfg = Release|Win32
		{FBA3AA63-94E5-46CA-80BC-E69B7B07D351}.Release|x86.Build.0 = Release|Win32
	EndGlobalSection
	GlobalSection(SolutionProperties) = preSolution
		HideSolutionNode = FALSE
	EndGlobalSection
	GlobalSection(ExtensibilityGlobals) = postSolution
		SolutionGuid = {8F076B83-94E5-4B0D-809E-5B43E0F64D9B}
	EndGlobalSection
EndGlobal
