
Microsoft Visual Studio Solution File, Format Version 12.00
# Visual Studio 15
VisualStudioVersion = 15.0.28307.779
MinimumVisualStudioVersion = 10.0.40219.1
Project("{FAE04EC0-301F-11D3-BF4B-00C04F79EFBC}") = "ConsoleApp2", "ConsoleApp2\ConsoleApp2.csproj", "{09519563-8A43-45F7-B23C-43B76895F160}"
EndProject
Global
	GlobalSection(SolutionConfigurationPlatforms) = preSolution
		Debug|Any CPU = Debug|Any CPU
		Release|Any CPU = Release|Any CPU
	EndGlobalSection
	GlobalSection(ProjectConfigurationPlatforms) = postSolution
		{09519563-8A43-45F7-B23C-43B76895F160}.Debug|Any CPU.ActiveCfg = Debug|Any CPU
		{09519563-8A43-45F7-B23C-43B76895F160}.Debug|Any CPU.Build.0 = Debug|Any CPU
		{09519563-8A43-45F7-B23C-43B76895F160}.Release|Any CPU.ActiveCfg = Release|Any CPU
		{09519563-8A43-45F7-B23C-43B76895F160}.Release|Any CPU.Build.0 = Release|Any CPU
	EndGlobalSection
	GlobalSection(SolutionProperties) = preSolution
		HideSolutionNode = FALSE
	EndGlobalSection
	GlobalSection(ExtensibilityGlobals) = postSolution
		SolutionGuid = {479A47CB-ED21-4DD0-BD22-A554CCA25119}
	EndGlobalSection
EndGlobal
